// !$*UTF8*$!
{
	archiveVersion = 1;
	classes = {
	};
	objectVersion = 56;
	objects = {

/* Begin PBXBuildFile section */
		FAB4DFB52A4888860099689B /* AppDelegate.swift in Sources */ = {isa = PBXBuildFile; fileRef = FAB4DFB42A4888860099689B /* AppDelegate.swift */; };
		FAB4DFB72A4888860099689B /* SceneDelegate.swift in Sources */ = {isa = PBXBuildFile; fileRef = FAB4DFB62A4888860099689B /* SceneDelegate.swift */; };
		FAB4DFB92A4888860099689B /* ViewController.swift in Sources */ = {isa = PBXBuildFile; fileRef = FAB4DFB82A4888860099689B /* ViewController.swift */; };
		FAB4DFBC2A4888860099689B /* Main.storyboard in Resources */ = {isa = PBXBuildFile; fileRef = FAB4DFBA2A4888860099689B /* Main.storyboard */; };
		FAB4DFBE2A4888880099689B /* Assets.xcassets in Resources */ = {isa = PBXBuildFile; fileRef = FAB4DFBD2A4888880099689B /* Assets.xcassets */; };
		FAB4DFC12A4888880099689B /* LaunchScreen.storyboard in Resources */ = {isa = PBXBuildFile; fileRef = FAB4DFBF2A4888880099689B /* LaunchScreen.storyboard */; };
		FAB4DFCE2A4889AF0099689B /* UIVIew+Extensions.swift in Sources */ = {isa = PBXBuildFile; fileRef = FAB4DFCD2A4889AF0099689B /* UIVIew+Extensions.swift */; };
/* End PBXBuildFile section */

/* Begin PBXFileReference section */
		FAB4DFB12A4888860099689B /* iOS-10-HW-13-Bessonov-Ilia.app */ = {isa = PBXFileReference; explicitFileType = wrapper.application; includeInIndex = 0; path = "iOS-10-HW-13-Bessonov-Ilia.app"; sourceTree = BUILT_PRODUCTS_DIR; };
		FAB4DFB42A4888860099689B /* AppDelegate.swift */ = {isa = PBXFileReference; lastKnownFileType = sourcecode.swift; path = AppDelegate.swift; sourceTree = "<group>"; };
		FAB4DFB62A4888860099689B /* SceneDelegate.swift */ = {isa = PBXFileReference; lastKnownFileType = sourcecode.swift; path = SceneDelegate.swift; sourceTree = "<group>"; };
		FAB4DFB82A4888860099689B /* ViewController.swift */ = {isa = PBXFileReference; lastKnownFileType = sourcecode.swift; path = ViewController.swift; sourceTree = "<group>"; };
		FAB4DFBB2A4888860099689B /* Base */ = {isa = PBXFileReference; lastKnownFileType = file.storyboard; name = Base; path = Base.lproj/Main.storyboard; sourceTree = "<group>"; };
		FAB4DFBD2A4888880099689B /* Assets.xcassets */ = {isa = PBXFileReference; lastKnownFileType = folder.assetcatalog; path = Assets.xcassets; sourceTree = "<group>"; };
		FAB4DFC02A4888880099689B /* Base */ = {isa = PBXFileReference; lastKnownFileType = file.storyboard; name = Base; path = Base.lproj/LaunchScreen.storyboard; sourceTree = "<group>"; };
		FAB4DFC22A4888880099689B /* Info.plist */ = {isa = PBXFileReference; lastKnownFileType = text.plist.xml; path = Info.plist; sourceTree = "<group>"; };
		FAB4DFCD2A4889AF0099689B /* UIVIew+Extensions.swift */ = {isa = PBXFileReference; lastKnownFileType = sourcecode.swift; path = "UIVIew+Extensions.swift"; sourceTree = "<group>"; };
/* End PBXFileReference section */

/* Begin PBXFrameworksBuildPhase section */
		FAB4DFAE2A4888860099689B /* Frameworks */ = {
			isa = PBXFrameworksBuildPhase;
			buildActionMask = 2147483647;
			files = (
			);
			runOnlyForDeploymentPostprocessing = 0;
		};
/* End PBXFrameworksBuildPhase section */

/* Begin PBXGroup section */
		FAB4DFA82A4888860099689B = {
			isa = PBXGroup;
			children = (
				FAB4DFB32A4888860099689B /* iOS-10-HW-13-Bessonov-Ilia */,
				FAB4DFB22A4888860099689B /* Products */,
			);
			sourceTree = "<group>";
		};
		FAB4DFB22A4888860099689B /* Products */ = {
			isa = PBXGroup;
			children = (
				FAB4DFB12A4888860099689B /* iOS-10-HW-13-Bessonov-Ilia.app */,
			);
			name = Products;
			sourceTree = "<group>";
		};
		FAB4DFB32A4888860099689B /* iOS-10-HW-13-Bessonov-Ilia */ = {
			isa = PBXGroup;
			children = (
				FAB4DFCC2A48896E0099689B /* Extensions */,
				FAB4DFCB2A4889590099689B /* Resources */,
				FAB4DFCA2A4889470099689B /* Sources */,
				FAB4DFC92A4889330099689B /* App */,
				FAB4DFC82A48891D0099689B /* Storyboards */,
			);
			path = "iOS-10-HW-13-Bessonov-Ilia";
			sourceTree = "<group>";
		};
		FAB4DFC82A48891D0099689B /* Storyboards */ = {
			isa = PBXGroup;
			children = (
				FAB4DFBA2A4888860099689B /* Main.storyboard */,
				FAB4DFBF2A4888880099689B /* LaunchScreen.storyboard */,
			);
			path = Storyboards;
			sourceTree = "<group>";
		};
		FAB4DFC92A4889330099689B /* App */ = {
			isa = PBXGroup;
			children = (
				FAB4DFB42A4888860099689B /* AppDelegate.swift */,
				FAB4DFB62A4888860099689B /* SceneDelegate.swift */,
			);
			path = App;
			sourceTree = "<group>";
		};
		FAB4DFCA2A4889470099689B /* Sources */ = {
			isa = PBXGroup;
			children = (
				FAB4DFB82A4888860099689B /* ViewController.swift */,
			);
			path = Sources;
			sourceTree = "<group>";
		};
		FAB4DFCB2A4889590099689B /* Resources */ = {
			isa = PBXGroup;
			children = (
				FAB4DFBD2A4888880099689B /* Assets.xcassets */,
				FAB4DFC22A4888880099689B /* Info.plist */,
			);
			path = Resources;
			sourceTree = "<group>";
		};
		FAB4DFCC2A48896E0099689B /* Extensions */ = {
			isa = PBXGroup;
			children = (
				FAB4DFCD2A4889AF0099689B /* UIVIew+Extensions.swift */,
			);
			path = Extensions;
			sourceTree = "<group>";
		};
/* End PBXGroup section */

/* Begin PBXNativeTarget section */
		FAB4DFB02A4888860099689B /* iOS-10-HW-13-Bessonov-Ilia */ = {
			isa = PBXNativeTarget;
			buildConfigurationList = FAB4DFC52A4888880099689B /* Build configuration list for PBXNativeTarget "iOS-10-HW-13-Bessonov-Ilia" */;
			buildPhases = (
				FAB4DFAD2A4888860099689B /* Sources */,
				FAB4DFAE2A4888860099689B /* Frameworks */,
				FAB4DFAF2A4888860099689B /* Resources */,
			);
			buildRules = (
			);
			dependencies = (
			);
			name = "iOS-10-HW-13-Bessonov-Ilia";
			productName = "iOS-10-HW-13-Bessonov-Ilia";
			productReference = FAB4DFB12A4888860099689B /* iOS-10-HW-13-Bessonov-Ilia.app */;
			productType = "com.apple.product-type.application";
		};
/* End PBXNativeTarget section */

/* Begin PBXProject section */
		FAB4DFA92A4888860099689B /* Project object */ = {
			isa = PBXProject;
			attributes = {
				BuildIndependentTargetsInParallel = 1;
				LastSwiftUpdateCheck = 1430;
				LastUpgradeCheck = 1430;
				TargetAttributes = {
					FAB4DFB02A4888860099689B = {
						CreatedOnToolsVersion = 14.3.1;
					};
				};
			};
			buildConfigurationList = FAB4DFAC2A4888860099689B /* Build configuration list for PBXProject "iOS-10-HW-13-Bessonov-Ilia" */;
			compatibilityVersion = "Xcode 14.0";
			developmentRegion = en;
			hasScannedForEncodings = 0;
			knownRegions = (
				en,
				Base,
			);
			mainGroup = FAB4DFA82A4888860099689B;
			productRefGroup = FAB4DFB22A4888860099689B /* Products */;
			projectDirPath = "";
			projectRoot = "";
			targets = (
				FAB4DFB02A4888860099689B /* iOS-10-HW-13-Bessonov-Ilia */,
			);
		};
/* End PBXProject section */

/* Begin PBXResourcesBuildPhase section */
		FAB4DFAF2A4888860099689B /* Resources */ = {
			isa = PBXResourcesBuildPhase;
			buildActionMask = 2147483647;
			files = (
				FAB4DFC12A4888880099689B /* LaunchScreen.storyboard in Resources */,
				FAB4DFBE2A4888880099689B /* Assets.xcassets in Resources */,
				FAB4DFBC2A4888860099689B /* Main.storyboard in Resources */,
			);
			runOnlyForDeploymentPostprocessing = 0;
		};
/* End PBXResourcesBuildPhase section */

/* Begin PBXSourcesBuildPhase section */
		FAB4DFAD2A4888860099689B /* Sources */ = {
			isa = PBXSourcesBuildPhase;
			buildActionMask = 2147483647;
			files = (
				FAB4DFB92A4888860099689B /* ViewController.swift in Sources */,
				FAB4DFB52A4888860099689B /* AppDelegate.swift in Sources */,
				FAB4DFCE2A4889AF0099689B /* UIVIew+Extensions.swift in Sources */,
				FAB4DFB72A4888860099689B /* SceneDelegate.swift in Sources */,
			);
			runOnlyForDeploymentPostprocessing = 0;
		};
/* End PBXSourcesBuildPhase section */

/* Begin PBXVariantGroup section */
		FAB4DFBA2A4888860099689B /* Main.storyboard */ = {
			isa = PBXVariantGroup;
			children = (
				FAB4DFBB2A4888860099689B /* Base */,
			);
			name = Main.storyboard;
			sourceTree = "<group>";
		};
		FAB4DFBF2A4888880099689B /* LaunchScreen.storyboard */ = {
			isa = PBXVariantGroup;
			children = (
				FAB4DFC02A4888880099689B /* Base */,
			);
			name = LaunchScreen.storyboard;
			sourceTree = "<group>";
		};
/* End PBXVariantGroup section */

/* Begin XCBuildConfiguration section */
		FAB4DFC32A4888880099689B /* Debug */ = {
			isa = XCBuildConfiguration;
			buildSettings = {
				ALWAYS_SEARCH_USER_PATHS = NO;
				CLANG_ANALYZER_NONNULL = YES;
				CLANG_ANALYZER_NUMBER_OBJECT_CONVERSION = YES_AGGRESSIVE;
				CLANG_CXX_LANGUAGE_STANDARD = "gnu++20";
				CLANG_ENABLE_MODULES = YES;
				CLANG_ENABLE_OBJC_ARC = YES;
				CLANG_ENABLE_OBJC_WEAK = YES;
				CLANG_WARN_BLOCK_CAPTURE_AUTORELEASING = YES;
				CLANG_WARN_BOOL_CONVERSION = YES;
				CLANG_WARN_COMMA = YES;
				CLANG_WARN_CONSTANT_CONVERSION = YES;
				CLANG_WARN_DEPRECATED_OBJC_IMPLEMENTATIONS = YES;
				CLANG_WARN_DIRECT_OBJC_ISA_USAGE = YES_ERROR;
				CLANG_WARN_DOCUMENTATION_COMMENTS = YES;
				CLANG_WARN_EMPTY_BODY = YES;
				CLANG_WARN_ENUM_CONVERSION = YES;
				CLANG_WARN_INFINITE_RECURSION = YES;
				CLANG_WARN_INT_CONVERSION = YES;
				CLANG_WARN_NON_LITERAL_NULL_CONVERSION = YES;
				CLANG_WARN_OBJC_IMPLICIT_RETAIN_SELF = YES;
				CLANG_WARN_OBJC_LITERAL_CONVERSION = YES;
				CLANG_WARN_OBJC_ROOT_CLASS = YES_ERROR;
				CLANG_WARN_QUOTED_INCLUDE_IN_FRAMEWORK_HEADER = YES;
				CLANG_WARN_RANGE_LOOP_ANALYSIS = YES;
				CLANG_WARN_STRICT_PROTOTYPES = YES;
				CLANG_WARN_SUSPICIOUS_MOVE = YES;
				CLANG_WARN_UNGUARDED_AVAILABILITY = YES_AGGRESSIVE;
				CLANG_WARN_UNREACHABLE_CODE = YES;
				CLANG_WARN__DUPLICATE_METHOD_MATCH = YES;
				COPY_PHASE_STRIP = NO;
				DEBUG_INFORMATION_FORMAT = dwarf;
				ENABLE_STRICT_OBJC_MSGSEND = YES;
				ENABLE_TESTABILITY = YES;
				GCC_C_LANGUAGE_STANDARD = gnu11;
				GCC_DYNAMIC_NO_PIC = NO;
				GCC_NO_COMMON_BLOCKS = YES;
				GCC_OPTIMIZATION_LEVEL = 0;
				GCC_PREPROCESSOR_DEFINITIONS = (
					"DEBUG=1",
					"$(inherited)",
				);
				GCC_WARN_64_TO_32_BIT_CONVERSION = YES;
				GCC_WARN_ABOUT_RETURN_TYPE = YES_ERROR;
				GCC_WARN_UNDECLARED_SELECTOR = YES;
				GCC_WARN_UNINITIALIZED_AUTOS = YES_AGGRESSIVE;
				GCC_WARN_UNUSED_FUNCTION = YES;
				GCC_WARN_UNUSED_VARIABLE = YES;
				IPHONEOS_DEPLOYMENT_TARGET = 16.4;
				MTL_ENABLE_DEBUG_INFO = INCLUDE_SOURCE;
				MTL_FAST_MATH = YES;
				ONLY_ACTIVE_ARCH = YES;
				SDKROOT = iphoneos;
				SWIFT_ACTIVE_COMPILATION_CONDITIONS = DEBUG;
				SWIFT_OPTIMIZATION_LEVEL = "-Onone";
			};
			name = Debug;
		};
		FAB4DFC42A4888880099689B /* Release */ = {
			isa = XCBuildConfiguration;
			buildSettings = {
				ALWAYS_SEARCH_USER_PATHS = NO;
				CLANG_ANALYZER_NONNULL = YES;
				CLANG_ANALYZER_NUMBER_OBJECT_CONVERSION = YES_AGGRESSIVE;
				CLANG_CXX_LANGUAGE_STANDARD = "gnu++20";
				CLANG_ENABLE_MODULES = YES;
				CLANG_ENABLE_OBJC_ARC = YES;
				CLANG_ENABLE_OBJC_WEAK = YES;
				CLANG_WARN_BLOCK_CAPTURE_AUTORELEASING = YES;
				CLANG_WARN_BOOL_CONVERSION = YES;
				CLANG_WARN_COMMA = YES;
				CLANG_WARN_CONSTANT_CONVERSION = YES;
				CLANG_WARN_DEPRECATED_OBJC_IMPLEMENTATIONS = YES;
				CLANG_WARN_DIRECT_OBJC_ISA_USAGE = YES_ERROR;
				CLANG_WARN_DOCUMENTATION_COMMENTS = YES;
				CLANG_WARN_EMPTY_BODY = YES;
				CLANG_WARN_ENUM_CONVERSION = YES;
				CLANG_WARN_INFINITE_RECURSION = YES;
				CLANG_WARN_INT_CONVERSION = YES;
				CLANG_WARN_NON_LITERAL_NULL_CONVERSION = YES;
				CLANG_WARN_OBJC_IMPLICIT_RETAIN_SELF = YES;
				CLANG_WARN_OBJC_LITERAL_CONVERSION = YES;
				CLANG_WARN_OBJC_ROOT_CLASS = YES_ERROR;
				CLANG_WARN_QUOTED_INCLUDE_IN_FRAMEWORK_HEADER = YES;
				CLANG_WARN_RANGE_LOOP_ANALYSIS = YES;
				CLANG_WARN_STRICT_PROTOTYPES = YES;
				CLANG_WARN_SUSPICIOUS_MOVE = YES;
				CLANG_WARN_UNGUARDED_AVAILABILITY = YES_AGGRESSIVE;
				CLANG_WARN_UNREACHABLE_CODE = YES;
				CLANG_WARN__DUPLICATE_METHOD_MATCH = YES;
				COPY_PHASE_STRIP = NO;
				DEBUG_INFORMATION_FORMAT = "dwarf-with-dsym";
				ENABLE_NS_ASSERTIONS = NO;
				ENABLE_STRICT_OBJC_MSGSEND = YES;
				GCC_C_LANGUAGE_STANDARD = gnu11;
				GCC_NO_COMMON_BLOCKS = YES;
				GCC_WARN_64_TO_32_BIT_CONVERSION = YES;
				GCC_WARN_ABOUT_RETURN_TYPE = YES_ERROR;
				GCC_WARN_UNDECLARED_SELECTOR = YES;
				GCC_WARN_UNINITIALIZED_AUTOS = YES_AGGRESSIVE;
				GCC_WARN_UNUSED_FUNCTION = YES;
				GCC_WARN_UNUSED_VARIABLE = YES;
				IPHONEOS_DEPLOYMENT_TARGET = 16.4;
				MTL_ENABLE_DEBUG_INFO = NO;
				MTL_FAST_MATH = YES;
				SDKROOT = iphoneos;
				SWIFT_COMPILATION_MODE = wholemodule;
				SWIFT_OPTIMIZATION_LEVEL = "-O";
				VALIDATE_PRODUCT = YES;
			};
			name = Release;
		};
		FAB4DFC62A4888880099689B /* Debug */ = {
			isa = XCBuildConfiguration;
			buildSettings = {
				ASSETCATALOG_COMPILER_APPICON_NAME = AppIcon;
				ASSETCATALOG_COMPILER_GLOBAL_ACCENT_COLOR_NAME = AccentColor;
				CODE_SIGN_STYLE = Automatic;
				CURRENT_PROJECT_VERSION = 1;
				DEVELOPMENT_TEAM = 5C9S7JT7L3;
				GENERATE_INFOPLIST_FILE = YES;
				INFOPLIST_FILE = "iOS-10-HW-13-Bessonov-Ilia/Resources/Info.plist";
				INFOPLIST_KEY_UIApplicationSupportsIndirectInputEvents = YES;
				INFOPLIST_KEY_UILaunchStoryboardName = LaunchScreen;
				INFOPLIST_KEY_UIMainStoryboardFile = Main;
				INFOPLIST_KEY_UISupportedInterfaceOrientations_iPad = "UIInterfaceOrientationPortrait UIInterfaceOrientationPortraitUpsideDown UIInterfaceOrientationLandscapeLeft UIInterfaceOrientationLandscapeRight";
				INFOPLIST_KEY_UISupportedInterfaceOrientations_iPhone = "UIInterfaceOrientationPortrait UIInterfaceOrientationLandscapeLeft UIInterfaceOrientationLandscapeRight";
				LD_RUNPATH_SEARCH_PATHS = (
					"$(inherited)",
					"@executable_path/Frameworks",
				);
				MARKETING_VERSION = 1.0;
				PRODUCT_BUNDLE_IDENTIFIER = "i0240.com.my.iOS-10-HW-13-Bessonov-Ilia";
				PRODUCT_NAME = "$(TARGET_NAME)";
				SWIFT_EMIT_LOC_STRINGS = YES;
				SWIFT_VERSION = 5.0;
				TARGETED_DEVICE_FAMILY = "1,2";
			};
			name = Debug;
		};
		FAB4DFC72A4888880099689B /* Release */ = {
			isa = XCBuildConfiguration;
			buildSettings = {
				ASSETCATALOG_COMPILER_APPICON_NAME = AppIcon;
				ASSETCATALOG_COMPILER_GLOBAL_ACCENT_COLOR_NAME = AccentColor;
				CODE_SIGN_STYLE = Automatic;
				CURRENT_PROJECT_VERSION = 1;
				DEVELOPMENT_TEAM = 5C9S7JT7L3;
				GENERATE_INFOPLIST_FILE = YES;
				INFOPLIST_FILE = "iOS-10-HW-13-Bessonov-Ilia/Resources/Info.plist";
				INFOPLIST_KEY_UIApplicationSupportsIndirectInputEvents = YES;
				INFOPLIST_KEY_UILaunchStoryboardName = LaunchScreen;
				INFOPLIST_KEY_UIMainStoryboardFile = Main;
				INFOPLIST_KEY_UISupportedInterfaceOrientations_iPad = "UIInterfaceOrientationPortrait UIInterfaceOrientationPortraitUpsideDown UIInterfaceOrientationLandscapeLeft UIInterfaceOrientationLandscapeRight";
				INFOPLIST_KEY_UISupportedInterfaceOrientations_iPhone = "UIInterfaceOrientationPortrait UIInterfaceOrientationLandscapeLeft UIInterfaceOrientationLandscapeRight";
				LD_RUNPATH_SEARCH_PATHS = (
					"$(inherited)",
					"@executable_path/Frameworks",
				);
				MARKETING_VERSION = 1.0;
				PRODUCT_BUNDLE_IDENTIFIER = "i0240.com.my.iOS-10-HW-13-Bessonov-Ilia";
				PRODUCT_NAME = "$(TARGET_NAME)";
				SWIFT_EMIT_LOC_STRINGS = YES;
				SWIFT_VERSION = 5.0;
				TARGETED_DEVICE_FAMILY = "1,2";
			};
			name = Release;
		};
/* End XCBuildConfiguration section */

/* Begin XCConfigurationList section */
		FAB4DFAC2A4888860099689B /* Build configuration list for PBXProject "iOS-10-HW-13-Bessonov-Ilia" */ = {
			isa = XCConfigurationList;
			buildConfigurations = (
				FAB4DFC32A4888880099689B /* Debug */,
				FAB4DFC42A4888880099689B /* Release */,
			);
			defaultConfigurationIsVisible = 0;
			defaultConfigurationName = Release;
		};
		FAB4DFC52A4888880099689B /* Build configuration list for PBXNativeTarget "iOS-10-HW-13-Bessonov-Ilia" */ = {
			isa = XCConfigurationList;
			buildConfigurations = (
				FAB4DFC62A4888880099689B /* Debug */,
				FAB4DFC72A4888880099689B /* Release */,
			);
			defaultConfigurationIsVisible = 0;
			defaultConfigurationName = Release;
		};
/* End XCConfigurationList section */
	};
	rootObject = FAB4DFA92A4888860099689B /* Project object */;
}
